// !$*UTF8*$!
{
	archiveVersion = 1;
	classes = {
	};
	objectVersion = 56;
	objects = {

/* Begin PBXBuildFile section */
		BBEE660C29877F3C008B82A3 /* PopularCard.swift in Sources */ = {isa = PBXBuildFile; fileRef = BBEE660B29877F3C008B82A3 /* PopularCard.swift */; };
		BBEE660F29878440008B82A3 /* HomeView.swift in Sources */ = {isa = PBXBuildFile; fileRef = BBEE660E29878440008B82A3 /* HomeView.swift */; };
		BBEE6612298784E6008B82A3 /* TabButton.swift in Sources */ = {isa = PBXBuildFile; fileRef = BBEE6611298784E6008B82A3 /* TabButton.swift */; };
		BBEE661829879D06008B82A3 /* MyClassView.swift in Sources */ = {isa = PBXBuildFile; fileRef = BBEE661729879D06008B82A3 /* MyClassView.swift */; };
		BBEE661A29879D3F008B82A3 /* CartView.swift in Sources */ = {isa = PBXBuildFile; fileRef = BBEE661929879D3F008B82A3 /* CartView.swift */; };
		BBEE661C29879D76008B82A3 /* NotificationView.swift in Sources */ = {isa = PBXBuildFile; fileRef = BBEE661B29879D76008B82A3 /* NotificationView.swift */; };
		BBEE661E29879D8A008B82A3 /* ProfileView.swift in Sources */ = {isa = PBXBuildFile; fileRef = BBEE661D29879D8A008B82A3 /* ProfileView.swift */; };
		BBF688FE29826E1200FC6A93 /* AcourseApp.swift in Sources */ = {isa = PBXBuildFile; fileRef = BBF688FD29826E1200FC6A93 /* AcourseApp.swift */; };
		BBF6890029826E1200FC6A93 /* ContentView.swift in Sources */ = {isa = PBXBuildFile; fileRef = BBF688FF29826E1200FC6A93 /* ContentView.swift */; };
		BBF6890229826E1500FC6A93 /* Assets.xcassets in Resources */ = {isa = PBXBuildFile; fileRef = BBF6890129826E1500FC6A93 /* Assets.xcassets */; };
		BBF6890529826E1500FC6A93 /* Preview Assets.xcassets in Resources */ = {isa = PBXBuildFile; fileRef = BBF6890429826E1500FC6A93 /* Preview Assets.xcassets */; };
		BBF6890E29826E5700FC6A93 /* MainView.swift in Sources */ = {isa = PBXBuildFile; fileRef = BBF6890D29826E5700FC6A93 /* MainView.swift */; };
		BBF689112982712400FC6A93 /* Extension.swift in Sources */ = {isa = PBXBuildFile; fileRef = BBF689102982712300FC6A93 /* Extension.swift */; };
		BBF68914298272B900FC6A93 /* ProgressBar.swift in Sources */ = {isa = PBXBuildFile; fileRef = BBF68913298272B900FC6A93 /* ProgressBar.swift */; };
		BBF6891729827D1100FC6A93 /* ProgressCard.swift in Sources */ = {isa = PBXBuildFile; fileRef = BBF6891629827D1100FC6A93 /* ProgressCard.swift */; };
		E678FE4F07C90B2A0747E4D8 /* Pods_Acourse.framework in Frameworks */ = {isa = PBXBuildFile; fileRef = 4C2F9149F0484F972F319297 /* Pods_Acourse.framework */; };
/* End PBXBuildFile section */

/* Begin PBXFileReference section */
		0C4FE67D4E3DCDF676301E60 /* Pods-Acourse.release.xcconfig */ = {isa = PBXFileReference; includeInIndex = 1; lastKnownFileType = text.xcconfig; name = "Pods-Acourse.release.xcconfig"; path = "Target Support Files/Pods-Acourse/Pods-Acourse.release.xcconfig"; sourceTree = "<group>"; };
		4C2F9149F0484F972F319297 /* Pods_Acourse.framework */ = {isa = PBXFileReference; explicitFileType = wrapper.framework; includeInIndex = 0; path = Pods_Acourse.framework; sourceTree = BUILT_PRODUCTS_DIR; };
		7DF78BC4B1243E5391DA1CDF /* Pods-Acourse.debug.xcconfig */ = {isa = PBXFileReference; includeInIndex = 1; lastKnownFileType = text.xcconfig; name = "Pods-Acourse.debug.xcconfig"; path = "Target Support Files/Pods-Acourse/Pods-Acourse.debug.xcconfig"; sourceTree = "<group>"; };
		BBEE660B29877F3C008B82A3 /* PopularCard.swift */ = {isa = PBXFileReference; lastKnownFileType = sourcecode.swift; path = PopularCard.swift; sourceTree = "<group>"; };
		BBEE660E29878440008B82A3 /* HomeView.swift */ = {isa = PBXFileReference; lastKnownFileType = sourcecode.swift; path = HomeView.swift; sourceTree = "<group>"; };
		BBEE6611298784E6008B82A3 /* TabButton.swift */ = {isa = PBXFileReference; lastKnownFileType = sourcecode.swift; path = TabButton.swift; sourceTree = "<group>"; };
		BBEE661729879D06008B82A3 /* MyClassView.swift */ = {isa = PBXFileReference; lastKnownFileType = sourcecode.swift; path = MyClassView.swift; sourceTree = "<group>"; };
		BBEE661929879D3F008B82A3 /* CartView.swift */ = {isa = PBXFileReference; lastKnownFileType = sourcecode.swift; path = CartView.swift; sourceTree = "<group>"; };
		BBEE661B29879D76008B82A3 /* NotificationView.swift */ = {isa = PBXFileReference; lastKnownFileType = sourcecode.swift; path = NotificationView.swift; sourceTree = "<group>"; };
		BBEE661D29879D8A008B82A3 /* ProfileView.swift */ = {isa = PBXFileReference; lastKnownFileType = sourcecode.swift; path = ProfileView.swift; sourceTree = "<group>"; };
		BBEE661F2987A079008B82A3 /* Info.plist */ = {isa = PBXFileReference; lastKnownFileType = text.plist; path = Info.plist; sourceTree = "<group>"; };
		BBF688FA29826E1200FC6A93 /* Acourse.app */ = {isa = PBXFileReference; explicitFileType = wrapper.application; includeInIndex = 0; path = Acourse.app; sourceTree = BUILT_PRODUCTS_DIR; };
		BBF688FD29826E1200FC6A93 /* AcourseApp.swift */ = {isa = PBXFileReference; lastKnownFileType = sourcecode.swift; path = AcourseApp.swift; sourceTree = "<group>"; };
		BBF688FF29826E1200FC6A93 /* ContentView.swift */ = {isa = PBXFileReference; lastKnownFileType = sourcecode.swift; path = ContentView.swift; sourceTree = "<group>"; };
		BBF6890129826E1500FC6A93 /* Assets.xcassets */ = {isa = PBXFileReference; lastKnownFileType = folder.assetcatalog; path = Assets.xcassets; sourceTree = "<group>"; };
		BBF6890429826E1500FC6A93 /* Preview Assets.xcassets */ = {isa = PBXFileReference; lastKnownFileType = folder.assetcatalog; path = "Preview Assets.xcassets"; sourceTree = "<group>"; };
		BBF6890D29826E5700FC6A93 /* MainView.swift */ = {isa = PBXFileReference; lastKnownFileType = sourcecode.swift; path = MainView.swift; sourceTree = "<group>"; };
		BBF689102982712300FC6A93 /* Extension.swift */ = {isa = PBXFileReference; lastKnownFileType = sourcecode.swift; path = Extension.swift; sourceTree = "<group>"; };
		BBF68913298272B900FC6A93 /* ProgressBar.swift */ = {isa = PBXFileReference; lastKnownFileType = sourcecode.swift; path = ProgressBar.swift; sourceTree = "<group>"; };
		BBF6891629827D1100FC6A93 /* ProgressCard.swift */ = {isa = PBXFileReference; lastKnownFileType = sourcecode.swift; path = ProgressCard.swift; sourceTree = "<group>"; };
/* End PBXFileReference section */

/* Begin PBXFrameworksBuildPhase section */
		BBF688F729826E1200FC6A93 /* Frameworks */ = {
			isa = PBXFrameworksBuildPhase;
			buildActionMask = 2147483647;
			files = (
				E678FE4F07C90B2A0747E4D8 /* Pods_Acourse.framework in Frameworks */,
			);
			runOnlyForDeploymentPostprocessing = 0;
		};
/* End PBXFrameworksBuildPhase section */

/* Begin PBXGroup section */
		69B9347407E0F4AFD385DF7E /* Frameworks */ = {
			isa = PBXGroup;
			children = (
				4C2F9149F0484F972F319297 /* Pods_Acourse.framework */,
			);
			name = Frameworks;
			sourceTree = "<group>";
		};
		AA08E0B8BBFBDB3D983DE8CD /* Pods */ = {
			isa = PBXGroup;
			children = (
				7DF78BC4B1243E5391DA1CDF /* Pods-Acourse.debug.xcconfig */,
				0C4FE67D4E3DCDF676301E60 /* Pods-Acourse.release.xcconfig */,
			);
			name = Pods;
			path = Pods;
			sourceTree = "<group>";
		};
		BBEE660D29878431008B82A3 /* Home */ = {
			isa = PBXGroup;
			children = (
				BBF6891529827CFE00FC6A93 /* Components */,
				BBEE660E29878440008B82A3 /* HomeView.swift */,
			);
			path = Home;
			sourceTree = "<group>";
		};
		BBEE6610298784C8008B82A3 /* Components */ = {
			isa = PBXGroup;
			children = (
				BBEE6611298784E6008B82A3 /* TabButton.swift */,
			);
			path = Components;
			sourceTree = "<group>";
		};
		BBEE661329879CBE008B82A3 /* MyClass */ = {
			isa = PBXGroup;
			children = (
				BBEE661729879D06008B82A3 /* MyClassView.swift */,
			);
			path = MyClass;
			sourceTree = "<group>";
		};
		BBEE661429879CC5008B82A3 /* Cart */ = {
			isa = PBXGroup;
			children = (
				BBEE661929879D3F008B82A3 /* CartView.swift */,
			);
			path = Cart;
			sourceTree = "<group>";
		};
		BBEE661529879CCD008B82A3 /* Notification */ = {
			isa = PBXGroup;
			children = (
				BBEE661B29879D76008B82A3 /* NotificationView.swift */,
			);
			path = Notification;
			sourceTree = "<group>";
		};
		BBEE661629879CD8008B82A3 /* Profile */ = {
			isa = PBXGroup;
			children = (
				BBEE661D29879D8A008B82A3 /* ProfileView.swift */,
			);
			path = Profile;
			sourceTree = "<group>";
		};
		BBF688F129826E1200FC6A93 = {
			isa = PBXGroup;
			children = (
				BBF688FC29826E1200FC6A93 /* Acourse */,
				BBF688FB29826E1200FC6A93 /* Products */,
				AA08E0B8BBFBDB3D983DE8CD /* Pods */,
				69B9347407E0F4AFD385DF7E /* Frameworks */,
			);
			sourceTree = "<group>";
		};
		BBF688FB29826E1200FC6A93 /* Products */ = {
			isa = PBXGroup;
			children = (
				BBF688FA29826E1200FC6A93 /* Acourse.app */,
			);
			name = Products;
			sourceTree = "<group>";
		};
		BBF688FC29826E1200FC6A93 /* Acourse */ = {
			isa = PBXGroup;
			children = (
				BBEE661F2987A079008B82A3 /* Info.plist */,
				BBF68912298272A900FC6A93 /* Components */,
				BBF6890F2982711600FC6A93 /* Helpers */,
				BBF688FD29826E1200FC6A93 /* AcourseApp.swift */,
				BBF6890B29826E2600FC6A93 /* View */,
				BBF6890129826E1500FC6A93 /* Assets.xcassets */,
				BBF6890329826E1500FC6A93 /* Preview Content */,
			);
			path = Acourse;
			sourceTree = "<group>";
		};
		BBF6890329826E1500FC6A93 /* Preview Content */ = {
			isa = PBXGroup;
			children = (
				BBF6890429826E1500FC6A93 /* Preview Assets.xcassets */,
			);
			path = "Preview Content";
			sourceTree = "<group>";
		};
		BBF6890B29826E2600FC6A93 /* View */ = {
			isa = PBXGroup;
			children = (
				BBF6890C29826E4500FC6A93 /* Main */,
				BBF688FF29826E1200FC6A93 /* ContentView.swift */,
			);
			path = View;
			sourceTree = "<group>";
		};
		BBF6890C29826E4500FC6A93 /* Main */ = {
			isa = PBXGroup;
			children = (
				BBEE6610298784C8008B82A3 /* Components */,
				BBEE660D29878431008B82A3 /* Home */,
				BBEE661329879CBE008B82A3 /* MyClass */,
				BBEE661429879CC5008B82A3 /* Cart */,
				BBEE661529879CCD008B82A3 /* Notification */,
				BBEE661629879CD8008B82A3 /* Profile */,
				BBF6890D29826E5700FC6A93 /* MainView.swift */,
			);
			path = Main;
			sourceTree = "<group>";
		};
		BBF6890F2982711600FC6A93 /* Helpers */ = {
			isa = PBXGroup;
			children = (
				BBF689102982712300FC6A93 /* Extension.swift */,
			);
			path = Helpers;
			sourceTree = "<group>";
		};
		BBF68912298272A900FC6A93 /* Components */ = {
			isa = PBXGroup;
			children = (
				BBF68913298272B900FC6A93 /* ProgressBar.swift */,
			);
			path = Components;
			sourceTree = "<group>";
		};
		BBF6891529827CFE00FC6A93 /* Components */ = {
			isa = PBXGroup;
			children = (
				BBF6891629827D1100FC6A93 /* ProgressCard.swift */,
				BBEE660B29877F3C008B82A3 /* PopularCard.swift */,
			);
			path = Components;
			sourceTree = "<group>";
		};
/* End PBXGroup section */

/* Begin PBXNativeTarget section */
		BBF688F929826E1200FC6A93 /* Acourse */ = {
			isa = PBXNativeTarget;
			buildConfigurationList = BBF6890829826E1500FC6A93 /* Build configuration list for PBXNativeTarget "Acourse" */;
			buildPhases = (
				17A71064A57780FD2C02EFB7 /* [CP] Check Pods Manifest.lock */,
				BBF688F629826E1200FC6A93 /* Sources */,
				BBF688F729826E1200FC6A93 /* Frameworks */,
				BBF688F829826E1200FC6A93 /* Resources */,
			);
			buildRules = (
			);
			dependencies = (
			);
			name = Acourse;
			productName = Acourse;
			productReference = BBF688FA29826E1200FC6A93 /* Acourse.app */;
			productType = "com.apple.product-type.application";
		};
/* End PBXNativeTarget section */

/* Begin PBXProject section */
		BBF688F229826E1200FC6A93 /* Project object */ = {
			isa = PBXProject;
			attributes = {
				BuildIndependentTargetsInParallel = 1;
				LastSwiftUpdateCheck = 1410;
				LastUpgradeCheck = 1410;
				TargetAttributes = {
					BBF688F929826E1200FC6A93 = {
						CreatedOnToolsVersion = 14.1;
					};
				};
			};
			buildConfigurationList = BBF688F529826E1200FC6A93 /* Build configuration list for PBXProject "Acourse" */;
			compatibilityVersion = "Xcode 14.0";
			developmentRegion = en;
			hasScannedForEncodings = 0;
			knownRegions = (
				en,
				Base,
			);
			mainGroup = BBF688F129826E1200FC6A93;
			productRefGroup = BBF688FB29826E1200FC6A93 /* Products */;
			projectDirPath = "";
			projectRoot = "";
			targets = (
				BBF688F929826E1200FC6A93 /* Acourse */,
			);
		};
/* End PBXProject section */

/* Begin PBXResourcesBuildPhase section */
		BBF688F829826E1200FC6A93 /* Resources */ = {
			isa = PBXResourcesBuildPhase;
			buildActionMask = 2147483647;
			files = (
				BBF6890529826E1500FC6A93 /* Preview Assets.xcassets in Resources */,
				BBF6890229826E1500FC6A93 /* Assets.xcassets in Resources */,
			);
			runOnlyForDeploymentPostprocessing = 0;
		};
/* End PBXResourcesBuildPhase section */

/* Begin PBXShellScriptBuildPhase section */
		17A71064A57780FD2C02EFB7 /* [CP] Check Pods Manifest.lock */ = {
			isa = PBXShellScriptBuildPhase;
			buildActionMask = 2147483647;
			files = (
			);
			inputFileListPaths = (
			);
			inputPaths = (
				"${PODS_PODFILE_DIR_PATH}/Podfile.lock",
				"${PODS_ROOT}/Manifest.lock",
			);
			name = "[CP] Check Pods Manifest.lock";
			outputFileListPaths = (
			);
			outputPaths = (
				"$(DERIVED_FILE_DIR)/Pods-Acourse-checkManifestLockResult.txt",
			);
			runOnlyForDeploymentPostprocessing = 0;
			shellPath = /bin/sh;
			shellScript = "diff \"${PODS_PODFILE_DIR_PATH}/Podfile.lock\" \"${PODS_ROOT}/Manifest.lock\" > /dev/null\nif [ $? != 0 ] ; then\n    # print error to STDERR\n    echo \"error: The sandbox is not in sync with the Podfile.lock. Run 'pod install' or update your CocoaPods installation.\" >&2\n    exit 1\nfi\n# This output is used by Xcode 'outputs' to avoid re-running this script phase.\necho \"SUCCESS\" > \"${SCRIPT_OUTPUT_FILE_0}\"\n";
			showEnvVarsInLog = 0;
		};
/* End PBXShellScriptBuildPhase section */

/* Begin PBXSourcesBuildPhase section */
		BBF688F629826E1200FC6A93 /* Sources */ = {
			isa = PBXSourcesBuildPhase;
			buildActionMask = 2147483647;
			files = (
				BBEE6612298784E6008B82A3 /* TabButton.swift in Sources */,
				BBEE661E29879D8A008B82A3 /* ProfileView.swift in Sources */,
				BBEE660C29877F3C008B82A3 /* PopularCard.swift in Sources */,
				BBF6890029826E1200FC6A93 /* ContentView.swift in Sources */,
				BBF6890E29826E5700FC6A93 /* MainView.swift in Sources */,
				BBEE661A29879D3F008B82A3 /* CartView.swift in Sources */,
				BBF6891729827D1100FC6A93 /* ProgressCard.swift in Sources */,
				BBF688FE29826E1200FC6A93 /* AcourseApp.swift in Sources */,
				BBEE660F29878440008B82A3 /* HomeView.swift in Sources */,
				BBF68914298272B900FC6A93 /* ProgressBar.swift in Sources */,
				BBF689112982712400FC6A93 /* Extension.swift in Sources */,
				BBEE661829879D06008B82A3 /* MyClassView.swift in Sources */,
				BBEE661C29879D76008B82A3 /* NotificationView.swift in Sources */,
			);
			runOnlyForDeploymentPostprocessing = 0;
		};
/* End PBXSourcesBuildPhase section */

/* Begin XCBuildConfiguration section */
		BBF6890629826E1500FC6A93 /* Debug */ = {
			isa = XCBuildConfiguration;
			buildSettings = {
				ALWAYS_SEARCH_USER_PATHS = NO;
				CLANG_ANALYZER_NONNULL = YES;
				CLANG_ANALYZER_NUMBER_OBJECT_CONVERSION = YES_AGGRESSIVE;
				CLANG_CXX_LANGUAGE_STANDARD = "gnu++20";
				CLANG_ENABLE_MODULES = YES;
				CLANG_ENABLE_OBJC_ARC = YES;
				CLANG_ENABLE_OBJC_WEAK = YES;
				CLANG_WARN_BLOCK_CAPTURE_AUTORELEASING = YES;
				CLANG_WARN_BOOL_CONVERSION = YES;
				CLANG_WARN_COMMA = YES;
				CLANG_WARN_CONSTANT_CONVERSION = YES;
				CLANG_WARN_DEPRECATED_OBJC_IMPLEMENTATIONS = YES;
				CLANG_WARN_DIRECT_OBJC_ISA_USAGE = YES_ERROR;
				CLANG_WARN_DOCUMENTATION_COMMENTS = YES;
				CLANG_WARN_EMPTY_BODY = YES;
				CLANG_WARN_ENUM_CONVERSION = YES;
				CLANG_WARN_INFINITE_RECURSION = YES;
				CLANG_WARN_INT_CONVERSION = YES;
				CLANG_WARN_NON_LITERAL_NULL_CONVERSION = YES;
				CLANG_WARN_OBJC_IMPLICIT_RETAIN_SELF = YES;
				CLANG_WARN_OBJC_LITERAL_CONVERSION = YES;
				CLANG_WARN_OBJC_ROOT_CLASS = YES_ERROR;
				CLANG_WARN_QUOTED_INCLUDE_IN_FRAMEWORK_HEADER = YES;
				CLANG_WARN_RANGE_LOOP_ANALYSIS = YES;
				CLANG_WARN_STRICT_PROTOTYPES = YES;
				CLANG_WARN_SUSPICIOUS_MOVE = YES;
				CLANG_WARN_UNGUARDED_AVAILABILITY = YES_AGGRESSIVE;
				CLANG_WARN_UNREACHABLE_CODE = YES;
				CLANG_WARN__DUPLICATE_METHOD_MATCH = YES;
				COPY_PHASE_STRIP = NO;
				DEBUG_INFORMATION_FORMAT = dwarf;
				ENABLE_STRICT_OBJC_MSGSEND = YES;
				ENABLE_TESTABILITY = YES;
				GCC_C_LANGUAGE_STANDARD = gnu11;
				GCC_DYNAMIC_NO_PIC = NO;
				GCC_NO_COMMON_BLOCKS = YES;
				GCC_OPTIMIZATION_LEVEL = 0;
				GCC_PREPROCESSOR_DEFINITIONS = (
					"DEBUG=1",
					"$(inherited)",
				);
				GCC_WARN_64_TO_32_BIT_CONVERSION = YES;
				GCC_WARN_ABOUT_RETURN_TYPE = YES_ERROR;
				GCC_WARN_UNDECLARED_SELECTOR = YES;
				GCC_WARN_UNINITIALIZED_AUTOS = YES_AGGRESSIVE;
				GCC_WARN_UNUSED_FUNCTION = YES;
				GCC_WARN_UNUSED_VARIABLE = YES;
				IPHONEOS_DEPLOYMENT_TARGET = 16.1;
				MTL_ENABLE_DEBUG_INFO = INCLUDE_SOURCE;
				MTL_FAST_MATH = YES;
				ONLY_ACTIVE_ARCH = YES;
				SDKROOT = iphoneos;
				SWIFT_ACTIVE_COMPILATION_CONDITIONS = DEBUG;
				SWIFT_OPTIMIZATION_LEVEL = "-Onone";
			};
			name = Debug;
		};
		BBF6890729826E1500FC6A93 /* Release */ = {
			isa = XCBuildConfiguration;
			buildSettings = {
				ALWAYS_SEARCH_USER_PATHS = NO;
				CLANG_ANALYZER_NONNULL = YES;
				CLANG_ANALYZER_NUMBER_OBJECT_CONVERSION = YES_AGGRESSIVE;
				CLANG_CXX_LANGUAGE_STANDARD = "gnu++20";
				CLANG_ENABLE_MODULES = YES;
				CLANG_ENABLE_OBJC_ARC = YES;
				CLANG_ENABLE_OBJC_WEAK = YES;
				CLANG_WARN_BLOCK_CAPTURE_AUTORELEASING = YES;
				CLANG_WARN_BOOL_CONVERSION = YES;
				CLANG_WARN_COMMA = YES;
				CLANG_WARN_CONSTANT_CONVERSION = YES;
				CLANG_WARN_DEPRECATED_OBJC_IMPLEMENTATIONS = YES;
				CLANG_WARN_DIRECT_OBJC_ISA_USAGE = YES_ERROR;
				CLANG_WARN_DOCUMENTATION_COMMENTS = YES;
				CLANG_WARN_EMPTY_BODY = YES;
				CLANG_WARN_ENUM_CONVERSION = YES;
				CLANG_WARN_INFINITE_RECURSION = YES;
				CLANG_WARN_INT_CONVERSION = YES;
				CLANG_WARN_NON_LITERAL_NULL_CONVERSION = YES;
				CLANG_WARN_OBJC_IMPLICIT_RETAIN_SELF = YES;
				CLANG_WARN_OBJC_LITERAL_CONVERSION = YES;
				CLANG_WARN_OBJC_ROOT_CLASS = YES_ERROR;
				CLANG_WARN_QUOTED_INCLUDE_IN_FRAMEWORK_HEADER = YES;
				CLANG_WARN_RANGE_LOOP_ANALYSIS = YES;
				CLANG_WARN_STRICT_PROTOTYPES = YES;
				CLANG_WARN_SUSPICIOUS_MOVE = YES;
				CLANG_WARN_UNGUARDED_AVAILABILITY = YES_AGGRESSIVE;
				CLANG_WARN_UNREACHABLE_CODE = YES;
				CLANG_WARN__DUPLICATE_METHOD_MATCH = YES;
				COPY_PHASE_STRIP = NO;
				DEBUG_INFORMATION_FORMAT = "dwarf-with-dsym";
				ENABLE_NS_ASSERTIONS = NO;
				ENABLE_STRICT_OBJC_MSGSEND = YES;
				GCC_C_LANGUAGE_STANDARD = gnu11;
				GCC_NO_COMMON_BLOCKS = YES;
				GCC_WARN_64_TO_32_BIT_CONVERSION = YES;
				GCC_WARN_ABOUT_RETURN_TYPE = YES_ERROR;
				GCC_WARN_UNDECLARED_SELECTOR = YES;
				GCC_WARN_UNINITIALIZED_AUTOS = YES_AGGRESSIVE;
				GCC_WARN_UNUSED_FUNCTION = YES;
				GCC_WARN_UNUSED_VARIABLE = YES;
				IPHONEOS_DEPLOYMENT_TARGET = 16.1;
				MTL_ENABLE_DEBUG_INFO = NO;
				MTL_FAST_MATH = YES;
				SDKROOT = iphoneos;
				SWIFT_COMPILATION_MODE = wholemodule;
				SWIFT_OPTIMIZATION_LEVEL = "-O";
				VALIDATE_PRODUCT = YES;
			};
			name = Release;
		};
		BBF6890929826E1500FC6A93 /* Debug */ = {
			isa = XCBuildConfiguration;
			baseConfigurationReference = 7DF78BC4B1243E5391DA1CDF /* Pods-Acourse.debug.xcconfig */;
			buildSettings = {
				ASSETCATALOG_COMPILER_APPICON_NAME = AppIcon;
				ASSETCATALOG_COMPILER_GLOBAL_ACCENT_COLOR_NAME = AccentColor;
				CODE_SIGN_STYLE = Automatic;
				CURRENT_PROJECT_VERSION = 1;
				DEVELOPMENT_ASSET_PATHS = "\"Acourse/Preview Content\"";
				DEVELOPMENT_TEAM = 6JAJU283LV;
				ENABLE_PREVIEWS = YES;
				GENERATE_INFOPLIST_FILE = YES;
				INFOPLIST_FILE = Acourse/Info.plist;
				INFOPLIST_KEY_UIApplicationSceneManifest_Generation = YES;
				INFOPLIST_KEY_UIApplicationSupportsIndirectInputEvents = YES;
				INFOPLIST_KEY_UILaunchScreen_Generation = YES;
				INFOPLIST_KEY_UIStatusBarStyle = UIStatusBarStyleDarkContent;
				INFOPLIST_KEY_UISupportedInterfaceOrientations = "UIInterfaceOrientationLandscapeLeft UIInterfaceOrientationLandscapeRight UIInterfaceOrientationPortrait";
				INFOPLIST_KEY_UISupportedInterfaceOrientations_iPad = "UIInterfaceOrientationLandscapeLeft UIInterfaceOrientationLandscapeRight UIInterfaceOrientationPortrait UIInterfaceOrientationPortraitUpsideDown";
				IPHONEOS_DEPLOYMENT_TARGET = 16.0;
				LD_RUNPATH_SEARCH_PATHS = (
					"$(inherited)",
					"@executable_path/Frameworks",
				);
				MARKETING_VERSION = 1.0;
				PRODUCT_BUNDLE_IDENTIFIER = com.jonathantri.Acourse;
				PRODUCT_NAME = "$(TARGET_NAME)";
				SUPPORTED_PLATFORMS = "iphoneos iphonesimulator";
				SUPPORTS_MACCATALYST = NO;
				SUPPORTS_MAC_DESIGNED_FOR_IPHONE_IPAD = NO;
				SWIFT_EMIT_LOC_STRINGS = YES;
				SWIFT_VERSION = 5.0;
				TARGETED_DEVICE_FAMILY = 1;
			};
			name = Debug;
		};
		BBF6890A29826E1500FC6A93 /* Release */ = {
			isa = XCBuildConfiguration;
			baseConfigurationReference = 0C4FE67D4E3DCDF676301E60 /* Pods-Acourse.release.xcconfig */;
			buildSettings = {
				ASSETCATALOG_COMPILER_APPICON_NAME = AppIcon;
				ASSETCATALOG_COMPILER_GLOBAL_ACCENT_COLOR_NAME = AccentColor;
				CODE_SIGN_STYLE = Automatic;
				CURRENT_PROJECT_VERSION = 1;
				DEVELOPMENT_ASSET_PATHS = "\"Acourse/Preview Content\"";
				DEVELOPMENT_TEAM = 6JAJU283LV;
				ENABLE_PREVIEWS = YES;
				GENERATE_INFOPLIST_FILE = YES;
				INFOPLIST_FILE = Acourse/Info.plist;
				INFOPLIST_KEY_UIApplicationSceneManifest_Generation = YES;
				INFOPLIST_KEY_UIApplicationSupportsIndirectInputEvents = YES;
				INFOPLIST_KEY_UILaunchScreen_Generation = YES;
				INFOPLIST_KEY_UIStatusBarStyle = UIStatusBarStyleDarkContent;
				INFOPLIST_KEY_UISupportedInterfaceOrientations = "UIInterfaceOrientationLandscapeLeft UIInterfaceOrientationLandscapeRight UIInterfaceOrientationPortrait";
				INFOPLIST_KEY_UISupportedInterfaceOrientations_iPad = "UIInterfaceOrientationLandscapeLeft UIInterfaceOrientationLandscapeRight UIInterfaceOrientationPortrait UIInterfaceOrientationPortraitUpsideDown";
				IPHONEOS_DEPLOYMENT_TARGET = 16.0;
				LD_RUNPATH_SEARCH_PATHS = (
					"$(inherited)",
					"@executable_path/Frameworks",
				);
				MARKETING_VERSION = 1.0;
				PRODUCT_BUNDLE_IDENTIFIER = com.jonathantri.Acourse;
				PRODUCT_NAME = "$(TARGET_NAME)";
				SUPPORTED_PLATFORMS = "iphoneos iphonesimulator";
				SUPPORTS_MACCATALYST = NO;
				SUPPORTS_MAC_DESIGNED_FOR_IPHONE_IPAD = NO;
				SWIFT_EMIT_LOC_STRINGS = YES;
				SWIFT_VERSION = 5.0;
				TARGETED_DEVICE_FAMILY = 1;
			};
			name = Release;
		};
/* End XCBuildConfiguration section */

/* Begin XCConfigurationList section */
		BBF688F529826E1200FC6A93 /* Build configuration list for PBXProject "Acourse" */ = {
			isa = XCConfigurationList;
			buildConfigurations = (
				BBF6890629826E1500FC6A93 /* Debug */,
				BBF6890729826E1500FC6A93 /* Release */,
			);
			defaultConfigurationIsVisible = 0;
			defaultConfigurationName = Release;
		};
		BBF6890829826E1500FC6A93 /* Build configuration list for PBXNativeTarget "Acourse" */ = {
			isa = XCConfigurationList;
			buildConfigurations = (
				BBF6890929826E1500FC6A93 /* Debug */,
				BBF6890A29826E1500FC6A93 /* Release */,
			);
			defaultConfigurationIsVisible = 0;
			defaultConfigurationName = Release;
		};
/* End XCConfigurationList section */
	};
	rootObject = BBF688F229826E1200FC6A93 /* Project object */;
}
